
Microsoft Visual Studio Solution File, Format Version 12.00
# Visual Studio 15
VisualStudioVersion = 15.0.28307.2092
MinimumVisualStudioVersion = 10.0.40219.1
Project("{8BC9CEB8-8B4A-11D0-8D11-00A0C91BC942}") = "DataContainerGenerator", "DataContainerGenerator\DataContainerGenerator.vcxproj", "{EA045C4D-FCAB-40DC-AFB8-2A64F2B56354}"
EndProject
Project("{8BC9CEB8-8B4A-11D0-8D11-00A0C91BC942}") = "CommonIncludes", "CommonIncludes\CommonIncludes.vcxproj", "{6AB3FA0B-E833-4828-A494-0CAE6F640242}"
EndProject
Global
	GlobalSection(SolutionConfigurationPlatforms) = preSolution
		Debug|x64 = Debug|x64
		Debug|x86 = Debug|x86
		Release|x64 = Release|x64
		Release|x86 = Release|x86
	EndGlobalSection
	GlobalSection(ProjectConfigurationPlatforms) = postSolution
		{EA045C4D-FCAB-40DC-AFB8-2A64F2B56354}.Debug|x64.ActiveCfg = Debug|x64
		{EA045C4D-FCAB-40DC-AFB8-2A64F2B56354}.Debug|x64.Build.0 = Debug|x64
		{EA045C4D-FCAB-40DC-AFB8-2A64F2B56354}.Debug|x86.ActiveCfg = Debug|Win32
		{EA045C4D-FCAB-40DC-AFB8-2A64F2B56354}.Debug|x86.Build.0 = Debug|Win32
		{EA045C4D-FCAB-40DC-AFB8-2A64F2B56354}.Release|x64.ActiveCfg = Release|x64
		{EA045C4D-FCAB-40DC-AFB8-2A64F2B56354}.Release|x64.Build.0 = Release|x64
		{EA045C4D-FCAB-40DC-AFB8-2A64F2B56354}.Release|x86.ActiveCfg = Release|Win32
		{EA045C4D-FCAB-40DC-AFB8-2A64F2B56354}.Release|x86.Build.0 = Release|Win32
		{6AB3FA0B-E833-4828-A494-0CAE6F640242}.Debug|x64.ActiveCfg = Debug|x64
		{6AB3FA0B-E833-4828-A494-0CAE6F640242}.Debug|x64.Build.0 = Debug|x64
		{6AB3FA0B-E833-4828-A494-0CAE6F640242}.Debug|x86.ActiveCfg = Debug|Win32
		{6AB3FA0B-E833-4828-A494-0CAE6F640242}.Debug|x86.Build.0 = Debug|Win32
		{6AB3FA0B-E833-4828-A494-0CAE6F640242}.Release|x64.ActiveCfg = Release|x64
		{6AB3FA0B-E833-4828-A494-0CAE6F640242}.Release|x64.Build.0 = Release|x64
		{6AB3FA0B-E833-4828-A494-0CAE6F640242}.Release|x86.ActiveCfg = Release|Win32
		{6AB3FA0B-E833-4828-A494-0CAE6F640242}.Release|x86.Build.0 = Release|Win32
	EndGlobalSection
	GlobalSection(SolutionProperties) = preSolution
		HideSolutionNode = FALSE
	EndGlobalSection
	GlobalSection(ExtensibilityGlobals) = postSolution
		SolutionGuid = {DF4544C8-BCB9-44A4-B9A5-F24C144A5178}
	EndGlobalSection
EndGlobal
